
Microsoft Visual Studio Solution File, Format Version 12.00
# Visual Studio Version 17
VisualStudioVersion = 17.0.31903.59
MinimumVisualStudioVersion = 10.0.40219.1
Project("{2150E333-8FDC-42A3-9474-1A3956D46DE8}") = "src", "src", "{827E0CD3-B72D-47B6-A68D-7590B98EB39B}"
EndProject
Project("{FAE04EC0-301F-11D3-BF4B-00C04F79EFBC}") = "AL2DBML.CLI", "src\AL2DBML.CLI\AL2DBML.CLI.csproj", "{208DCA6A-8EAD-4CE9-B795-20419937B5FC}"
EndProject
Project("{FAE04EC0-301F-11D3-BF4B-00C04F79EFBC}") = "AL2DBML.Parser", "src\AL2DBML.Parser\AL2DBML.Parser.csproj", "{073773E6-9A36-4232-ABF2-5D2DAFC40B4C}"
EndProject
Project("{FAE04EC0-301F-11D3-BF4B-00C04F79EFBC}") = "AL2DBML.Core", "src\AL2DBML.Core\AL2DBML.Core.csproj", "{5D6D164F-406C-451E-BAA0-F2B6C46F2564}"
EndProject
Project("{FAE04EC0-301F-11D3-BF4B-00C04F79EFBC}") = "AL2DBML.Tests", "src\AL2DBML.Tests\AL2DBML.Tests.csproj", "{DFD7C487-21C3-414D-B1B5-71A7923863B4}"
EndProject
Project("{FAE04EC0-301F-11D3-BF4B-00C04F79EFBC}") = "AL2DBML.Application", "src\AL2DBML.Application\AL2DBML.Application.csproj", "{05BCFDA4-6B86-4105-9A52-6B4F9790069D}"
EndProject
Project("{FAE04EC0-301F-11D3-BF4B-00C04F79EFBC}") = "AL2DBML.DI", "src\AL2DBML.DI\AL2DBML.DI.csproj", "{6F45FC15-7CA3-4F71-9900-3AE77ED9C14B}"
EndProject
Project("{FAE04EC0-301F-11D3-BF4B-00C04F79EFBC}") = "DBMLWriter", "src\DBMLWriter\DBMLWriter.csproj", "{D2033B53-9C03-47D9-BA96-2A59F5FDCC95}"
EndProject
Global
	GlobalSection(SolutionConfigurationPlatforms) = preSolution
		Debug|Any CPU = Debug|Any CPU
		Debug|x64 = Debug|x64
		Debug|x86 = Debug|x86
		Release|Any CPU = Release|Any CPU
		Release|x64 = Release|x64
		Release|x86 = Release|x86
	EndGlobalSection
	GlobalSection(ProjectConfigurationPlatforms) = postSolution
		{208DCA6A-8EAD-4CE9-B795-20419937B5FC}.Debug|Any CPU.ActiveCfg = Debug|Any CPU
		{208DCA6A-8EAD-4CE9-B795-20419937B5FC}.Debug|Any CPU.Build.0 = Debug|Any CPU
		{208DCA6A-8EAD-4CE9-B795-20419937B5FC}.Debug|x64.ActiveCfg = Debug|Any CPU
		{208DCA6A-8EAD-4CE9-B795-20419937B5FC}.Debug|x64.Build.0 = Debug|Any CPU
		{208DCA6A-8EAD-4CE9-B795-20419937B5FC}.Debug|x86.ActiveCfg = Debug|Any CPU
		{208DCA6A-8EAD-4CE9-B795-20419937B5FC}.Debug|x86.Build.0 = Debug|Any CPU
		{208DCA6A-8EAD-4CE9-B795-20419937B5FC}.Release|Any CPU.ActiveCfg = Release|Any CPU
		{208DCA6A-8EAD-4CE9-B795-20419937B5FC}.Release|Any CPU.Build.0 = Release|Any CPU
		{208DCA6A-8EAD-4CE9-B795-20419937B5FC}.Release|x64.ActiveCfg = Release|Any CPU
		{208DCA6A-8EAD-4CE9-B795-20419937B5FC}.Release|x64.Build.0 = Release|Any CPU
		{208DCA6A-8EAD-4CE9-B795-20419937B5FC}.Release|x86.ActiveCfg = Release|Any CPU
		{208DCA6A-8EAD-4CE9-B795-20419937B5FC}.Release|x86.Build.0 = Release|Any CPU
		{073773E6-9A36-4232-ABF2-5D2DAFC40B4C}.Debug|Any CPU.ActiveCfg = Debug|Any CPU
		{073773E6-9A36-4232-ABF2-5D2DAFC40B4C}.Debug|Any CPU.Build.0 = Debug|Any CPU
		{073773E6-9A36-4232-ABF2-5D2DAFC40B4C}.Debug|x64.ActiveCfg = Debug|Any CPU
		{073773E6-9A36-4232-ABF2-5D2DAFC40B4C}.Debug|x64.Build.0 = Debug|Any CPU
		{073773E6-9A36-4232-ABF2-5D2DAFC40B4C}.Debug|x86.ActiveCfg = Debug|Any CPU
		{073773E6-9A36-4232-ABF2-5D2DAFC40B4C}.Debug|x86.Build.0 = Debug|Any CPU
		{073773E6-9A36-4232-ABF2-5D2DAFC40B4C}.Release|Any CPU.ActiveCfg = Release|Any CPU
		{073773E6-9A36-4232-ABF2-5D2DAFC40B4C}.Release|Any CPU.Build.0 = Release|Any CPU
		{073773E6-9A36-4232-ABF2-5D2DAFC40B4C}.Release|x64.ActiveCfg = Release|Any CPU
		{073773E6-9A36-4232-ABF2-5D2DAFC40B4C}.Release|x64.Build.0 = Release|Any CPU
		{073773E6-9A36-4232-ABF2-5D2DAFC40B4C}.Release|x86.ActiveCfg = Release|Any CPU
		{073773E6-9A36-4232-ABF2-5D2DAFC40B4C}.Release|x86.Build.0 = Release|Any CPU
		{5D6D164F-406C-451E-BAA0-F2B6C46F2564}.Debug|Any CPU.ActiveCfg = Debug|Any CPU
		{5D6D164F-406C-451E-BAA0-F2B6C46F2564}.Debug|Any CPU.Build.0 = Debug|Any CPU
		{5D6D164F-406C-451E-BAA0-F2B6C46F2564}.Debug|x64.ActiveCfg = Debug|Any CPU
		{5D6D164F-406C-451E-BAA0-F2B6C46F2564}.Debug|x64.Build.0 = Debug|Any CPU
		{5D6D164F-406C-451E-BAA0-F2B6C46F2564}.Debug|x86.ActiveCfg = Debug|Any CPU
		{5D6D164F-406C-451E-BAA0-F2B6C46F2564}.Debug|x86.Build.0 = Debug|Any CPU
		{5D6D164F-406C-451E-BAA0-F2B6C46F2564}.Release|Any CPU.ActiveCfg = Release|Any CPU
		{5D6D164F-406C-451E-BAA0-F2B6C46F2564}.Release|Any CPU.Build.0 = Release|Any CPU
		{5D6D164F-406C-451E-BAA0-F2B6C46F2564}.Release|x64.ActiveCfg = Release|Any CPU
		{5D6D164F-406C-451E-BAA0-F2B6C46F2564}.Release|x64.Build.0 = Release|Any CPU
		{5D6D164F-406C-451E-BAA0-F2B6C46F2564}.Release|x86.ActiveCfg = Release|Any CPU
		{5D6D164F-406C-451E-BAA0-F2B6C46F2564}.Release|x86.Build.0 = Release|Any CPU
		{DFD7C487-21C3-414D-B1B5-71A7923863B4}.Debug|Any CPU.ActiveCfg = Debug|Any CPU
		{DFD7C487-21C3-414D-B1B5-71A7923863B4}.Debug|Any CPU.Build.0 = Debug|Any CPU
		{DFD7C487-21C3-414D-B1B5-71A7923863B4}.Debug|x64.ActiveCfg = Debug|Any CPU
		{DFD7C487-21C3-414D-B1B5-71A7923863B4}.Debug|x64.Build.0 = Debug|Any CPU
		{DFD7C487-21C3-414D-B1B5-71A7923863B4}.Debug|x86.ActiveCfg = Debug|Any CPU
		{DFD7C487-21C3-414D-B1B5-71A7923863B4}.Debug|x86.Build.0 = Debug|Any CPU
		{DFD7C487-21C3-414D-B1B5-71A7923863B4}.Release|Any CPU.ActiveCfg = Release|Any CPU
		{DFD7C487-21C3-414D-B1B5-71A7923863B4}.Release|Any CPU.Build.0 = Release|Any CPU
		{DFD7C487-21C3-414D-B1B5-71A7923863B4}.Release|x64.ActiveCfg = Release|Any CPU
		{DFD7C487-21C3-414D-B1B5-71A7923863B4}.Release|x64.Build.0 = Release|Any CPU
		{DFD7C487-21C3-414D-B1B5-71A7923863B4}.Release|x86.ActiveCfg = Release|Any CPU
		{DFD7C487-21C3-414D-B1B5-71A7923863B4}.Release|x86.Build.0 = Release|Any CPU
		{05BCFDA4-6B86-4105-9A52-6B4F9790069D}.Debug|Any CPU.ActiveCfg = Debug|Any CPU
		{05BCFDA4-6B86-4105-9A52-6B4F9790069D}.Debug|Any CPU.Build.0 = Debug|Any CPU
		{05BCFDA4-6B86-4105-9A52-6B4F9790069D}.Debug|x64.ActiveCfg = Debug|Any CPU
		{05BCFDA4-6B86-4105-9A52-6B4F9790069D}.Debug|x64.Build.0 = Debug|Any CPU
		{05BCFDA4-6B86-4105-9A52-6B4F9790069D}.Debug|x86.ActiveCfg = Debug|Any CPU
		{05BCFDA4-6B86-4105-9A52-6B4F9790069D}.Debug|x86.Build.0 = Debug|Any CPU
		{05BCFDA4-6B86-4105-9A52-6B4F9790069D}.Release|Any CPU.ActiveCfg = Release|Any CPU
		{05BCFDA4-6B86-4105-9A52-6B4F9790069D}.Release|Any CPU.Build.0 = Release|Any CPU
		{05BCFDA4-6B86-4105-9A52-6B4F9790069D}.Release|x64.ActiveCfg = Release|Any CPU
		{05BCFDA4-6B86-4105-9A52-6B4F9790069D}.Release|x64.Build.0 = Release|Any CPU
		{05BCFDA4-6B86-4105-9A52-6B4F9790069D}.Release|x86.ActiveCfg = Release|Any CPU
		{05BCFDA4-6B86-4105-9A52-6B4F9790069D}.Release|x86.Build.0 = Release|Any CPU
		{6F45FC15-7CA3-4F71-9900-3AE77ED9C14B}.Debug|Any CPU.ActiveCfg = Debug|Any CPU
		{6F45FC15-7CA3-4F71-9900-3AE77ED9C14B}.Debug|Any CPU.Build.0 = Debug|Any CPU
		{6F45FC15-7CA3-4F71-9900-3AE77ED9C14B}.Debug|x64.ActiveCfg = Debug|Any CPU
		{6F45FC15-7CA3-4F71-9900-3AE77ED9C14B}.Debug|x64.Build.0 = Debug|Any CPU
		{6F45FC15-7CA3-4F71-9900-3AE77ED9C14B}.Debug|x86.ActiveCfg = Debug|Any CPU
		{6F45FC15-7CA3-4F71-9900-3AE77ED9C14B}.Debug|x86.Build.0 = Debug|Any CPU
		{6F45FC15-7CA3-4F71-9900-3AE77ED9C14B}.Release|Any CPU.ActiveCfg = Release|Any CPU
		{6F45FC15-7CA3-4F71-9900-3AE77ED9C14B}.Release|Any CPU.Build.0 = Release|Any CPU
		{6F45FC15-7CA3-4F71-9900-3AE77ED9C14B}.Release|x64.ActiveCfg = Release|Any CPU
		{6F45FC15-7CA3-4F71-9900-3AE77ED9C14B}.Release|x64.Build.0 = Release|Any CPU
		{6F45FC15-7CA3-4F71-9900-3AE77ED9C14B}.Release|x86.ActiveCfg = Release|Any CPU
		{6F45FC15-7CA3-4F71-9900-3AE77ED9C14B}.Release|x86.Build.0 = Release|Any CPU
		{D2033B53-9C03-47D9-BA96-2A59F5FDCC95}.Debug|Any CPU.ActiveCfg = Debug|Any CPU
		{D2033B53-9C03-47D9-BA96-2A59F5FDCC95}.Debug|Any CPU.Build.0 = Debug|Any CPU
		{D2033B53-9C03-47D9-BA96-2A59F5FDCC95}.Debug|x64.ActiveCfg = Debug|Any CPU
		{D2033B53-9C03-47D9-BA96-2A59F5FDCC95}.Debug|x64.Build.0 = Debug|Any CPU
		{D2033B53-9C03-47D9-BA96-2A59F5FDCC95}.Debug|x86.ActiveCfg = Debug|Any CPU
		{D2033B53-9C03-47D9-BA96-2A59F5FDCC95}.Debug|x86.Build.0 = Debug|Any CPU
		{D2033B53-9C03-47D9-BA96-2A59F5FDCC95}.Release|Any CPU.ActiveCfg = Release|Any CPU
		{D2033B53-9C03-47D9-BA96-2A59F5FDCC95}.Release|Any CPU.Build.0 = Release|Any CPU
		{D2033B53-9C03-47D9-BA96-2A59F5FDCC95}.Release|x64.ActiveCfg = Release|Any CPU
		{D2033B53-9C03-47D9-BA96-2A59F5FDCC95}.Release|x64.Build.0 = Release|Any CPU
		{D2033B53-9C03-47D9-BA96-2A59F5FDCC95}.Release|x86.ActiveCfg = Release|Any CPU
		{D2033B53-9C03-47D9-BA96-2A59F5FDCC95}.Release|x86.Build.0 = Release|Any CPU
	EndGlobalSection
	GlobalSection(SolutionProperties) = preSolution
		HideSolutionNode = FALSE
	EndGlobalSection
	GlobalSection(NestedProjects) = preSolution
		{208DCA6A-8EAD-4CE9-B795-20419937B5FC} = {827E0CD3-B72D-47B6-A68D-7590B98EB39B}
		{073773E6-9A36-4232-ABF2-5D2DAFC40B4C} = {827E0CD3-B72D-47B6-A68D-7590B98EB39B}
		{5D6D164F-406C-451E-BAA0-F2B6C46F2564} = {827E0CD3-B72D-47B6-A68D-7590B98EB39B}
		{DFD7C487-21C3-414D-B1B5-71A7923863B4} = {827E0CD3-B72D-47B6-A68D-7590B98EB39B}
		{05BCFDA4-6B86-4105-9A52-6B4F9790069D} = {827E0CD3-B72D-47B6-A68D-7590B98EB39B}
		{6F45FC15-7CA3-4F71-9900-3AE77ED9C14B} = {827E0CD3-B72D-47B6-A68D-7590B98EB39B}
		{D2033B53-9C03-47D9-BA96-2A59F5FDCC95} = {827E0CD3-B72D-47B6-A68D-7590B98EB39B}
	EndGlobalSection
EndGlobal
